// !$*UTF8*$!
{
	archiveVersion = 1;
	classes = {
	};
	objectVersion = 50;
	objects = {

/* Begin PBXBuildFile section */
		045D1AE4242C0A4400FCF53A /* AppDelegate.swift in Sources */ = {isa = PBXBuildFile; fileRef = 045D1AE3242C0A4400FCF53A /* AppDelegate.swift */; };
		045D1AE6242C0A4400FCF53A /* SceneDelegate.swift in Sources */ = {isa = PBXBuildFile; fileRef = 045D1AE5242C0A4400FCF53A /* SceneDelegate.swift */; };
		045D1AE8242C0A4400FCF53A /* ViewController.swift in Sources */ = {isa = PBXBuildFile; fileRef = 045D1AE7242C0A4400FCF53A /* ViewController.swift */; };
		045D1AEB242C0A4400FCF53A /* Main.storyboard in Resources */ = {isa = PBXBuildFile; fileRef = 045D1AE9242C0A4400FCF53A /* Main.storyboard */; };
		045D1AED242C0A4700FCF53A /* Assets.xcassets in Resources */ = {isa = PBXBuildFile; fileRef = 045D1AEC242C0A4700FCF53A /* Assets.xcassets */; };
		045D1AF0242C0A4700FCF53A /* LaunchScreen.storyboard in Resources */ = {isa = PBXBuildFile; fileRef = 045D1AEE242C0A4700FCF53A /* LaunchScreen.storyboard */; };
		045D1AF8242C696E00FCF53A /* Post.swift in Sources */ = {isa = PBXBuildFile; fileRef = 045D1AF7242C696E00FCF53A /* Post.swift */; };
		045D1AFA242D5A4E00FCF53A /* PostFunctions.swift in Sources */ = {isa = PBXBuildFile; fileRef = 045D1AF9242D5A4E00FCF53A /* PostFunctions.swift */; };
		04A14B072430114300E899AF /* BTService.swift in Sources */ = {isa = PBXBuildFile; fileRef = 04A14B062430114300E899AF /* BTService.swift */; };
/* End PBXBuildFile section */

/* Begin PBXFileReference section */
		045D1AE0242C0A4400FCF53A /* SafeTrace Demo.app */ = {isa = PBXFileReference; explicitFileType = wrapper.application; includeInIndex = 0; path = "SafeTrace Demo.app"; sourceTree = BUILT_PRODUCTS_DIR; };
		045D1AE3242C0A4400FCF53A /* AppDelegate.swift */ = {isa = PBXFileReference; lastKnownFileType = sourcecode.swift; path = AppDelegate.swift; sourceTree = "<group>"; };
		045D1AE5242C0A4400FCF53A /* SceneDelegate.swift */ = {isa = PBXFileReference; lastKnownFileType = sourcecode.swift; path = SceneDelegate.swift; sourceTree = "<group>"; };
		045D1AE7242C0A4400FCF53A /* ViewController.swift */ = {isa = PBXFileReference; lastKnownFileType = sourcecode.swift; path = ViewController.swift; sourceTree = "<group>"; };
		045D1AEA242C0A4400FCF53A /* Base */ = {isa = PBXFileReference; lastKnownFileType = file.storyboard; name = Base; path = Base.lproj/Main.storyboard; sourceTree = "<group>"; };
		045D1AEC242C0A4700FCF53A /* Assets.xcassets */ = {isa = PBXFileReference; lastKnownFileType = folder.assetcatalog; path = Assets.xcassets; sourceTree = "<group>"; };
		045D1AEF242C0A4700FCF53A /* Base */ = {isa = PBXFileReference; lastKnownFileType = file.storyboard; name = Base; path = Base.lproj/LaunchScreen.storyboard; sourceTree = "<group>"; };
		045D1AF1242C0A4700FCF53A /* Info.plist */ = {isa = PBXFileReference; lastKnownFileType = text.plist.xml; path = Info.plist; sourceTree = "<group>"; };
		045D1AF7242C696E00FCF53A /* Post.swift */ = {isa = PBXFileReference; lastKnownFileType = sourcecode.swift; path = Post.swift; sourceTree = "<group>"; };
		045D1AF9242D5A4E00FCF53A /* PostFunctions.swift */ = {isa = PBXFileReference; lastKnownFileType = sourcecode.swift; path = PostFunctions.swift; sourceTree = "<group>"; };
		04A14B062430114300E899AF /* BTService.swift */ = {isa = PBXFileReference; lastKnownFileType = sourcecode.swift; path = BTService.swift; sourceTree = "<group>"; };
/* End PBXFileReference section */

/* Begin PBXFrameworksBuildPhase section */
		045D1ADD242C0A4400FCF53A /* Frameworks */ = {
			isa = PBXFrameworksBuildPhase;
			buildActionMask = 2147483647;
			files = (
			);
			runOnlyForDeploymentPostprocessing = 0;
		};
/* End PBXFrameworksBuildPhase section */

/* Begin PBXGroup section */
		045D1AD7242C0A4400FCF53A = {
			isa = PBXGroup;
			children = (
				045D1AE2242C0A4400FCF53A /* SafeTrace Demo */,
				045D1AE1242C0A4400FCF53A /* Products */,
			);
			sourceTree = "<group>";
		};
		045D1AE1242C0A4400FCF53A /* Products */ = {
			isa = PBXGroup;
			children = (
				045D1AE0242C0A4400FCF53A /* SafeTrace Demo.app */,
			);
			name = Products;
			sourceTree = "<group>";
		};
		045D1AE2242C0A4400FCF53A /* SafeTrace Demo */ = {
			isa = PBXGroup;
			children = (
				045D1AE3242C0A4400FCF53A /* AppDelegate.swift */,
				045D1AE5242C0A4400FCF53A /* SceneDelegate.swift */,
				045D1AE7242C0A4400FCF53A /* ViewController.swift */,
				04A14B062430114300E899AF /* BTService.swift */,
				045D1AF7242C696E00FCF53A /* Post.swift */,
				045D1AE9242C0A4400FCF53A /* Main.storyboard */,
				045D1AF9242D5A4E00FCF53A /* PostFunctions.swift */,
				045D1AEC242C0A4700FCF53A /* Assets.xcassets */,
				045D1AEE242C0A4700FCF53A /* LaunchScreen.storyboard */,
				045D1AF1242C0A4700FCF53A /* Info.plist */,
			);
			path = "SafeTrace Demo";
			sourceTree = "<group>";
		};
/* End PBXGroup section */

/* Begin PBXNativeTarget section */
		045D1ADF242C0A4400FCF53A /* SafeTrace Demo */ = {
			isa = PBXNativeTarget;
			buildConfigurationList = 045D1AF4242C0A4700FCF53A /* Build configuration list for PBXNativeTarget "SafeTrace Demo" */;
			buildPhases = (
				045D1ADC242C0A4400FCF53A /* Sources */,
				045D1ADD242C0A4400FCF53A /* Frameworks */,
				045D1ADE242C0A4400FCF53A /* Resources */,
			);
			buildRules = (
			);
			dependencies = (
			);
			name = "SafeTrace Demo";
			productName = "SafeTrace Demo";
			productReference = 045D1AE0242C0A4400FCF53A /* SafeTrace Demo.app */;
			productType = "com.apple.product-type.application";
		};
/* End PBXNativeTarget section */

/* Begin PBXProject section */
		045D1AD8242C0A4400FCF53A /* Project object */ = {
			isa = PBXProject;
			attributes = {
				LastSwiftUpdateCheck = 1130;
				LastUpgradeCheck = 1130;
				ORGANIZATIONNAME = "SafeTrace API";
				TargetAttributes = {
					045D1ADF242C0A4400FCF53A = {
						CreatedOnToolsVersion = 11.3.1;
					};
				};
			};
			buildConfigurationList = 045D1ADB242C0A4400FCF53A /* Build configuration list for PBXProject "SafeTrace Demo" */;
			compatibilityVersion = "Xcode 9.3";
			developmentRegion = en;
			hasScannedForEncodings = 0;
			knownRegions = (
				en,
				Base,
			);
			mainGroup = 045D1AD7242C0A4400FCF53A;
			productRefGroup = 045D1AE1242C0A4400FCF53A /* Products */;
			projectDirPath = "";
			projectRoot = "";
			targets = (
				045D1ADF242C0A4400FCF53A /* SafeTrace Demo */,
			);
		};
/* End PBXProject section */

/* Begin PBXResourcesBuildPhase section */
		045D1ADE242C0A4400FCF53A /* Resources */ = {
			isa = PBXResourcesBuildPhase;
			buildActionMask = 2147483647;
			files = (
				045D1AF0242C0A4700FCF53A /* LaunchScreen.storyboard in Resources */,
				045D1AED242C0A4700FCF53A /* Assets.xcassets in Resources */,
				045D1AEB242C0A4400FCF53A /* Main.storyboard in Resources */,
			);
			runOnlyForDeploymentPostprocessing = 0;
		};
/* End PBXResourcesBuildPhase section */

/* Begin PBXSourcesBuildPhase section */
		045D1ADC242C0A4400FCF53A /* Sources */ = {
			isa = PBXSourcesBuildPhase;
			buildActionMask = 2147483647;
			files = (
				045D1AE8242C0A4400FCF53A /* ViewController.swift in Sources */,
				045D1AF8242C696E00FCF53A /* Post.swift in Sources */,
				045D1AFA242D5A4E00FCF53A /* PostFunctions.swift in Sources */,
				04A14B072430114300E899AF /* BTService.swift in Sources */,
				045D1AE4242C0A4400FCF53A /* AppDelegate.swift in Sources */,
				045D1AE6242C0A4400FCF53A /* SceneDelegate.swift in Sources */,
			);
			runOnlyForDeploymentPostprocessing = 0;
		};
/* End PBXSourcesBuildPhase section */

/* Begin PBXVariantGroup section */
		045D1AE9242C0A4400FCF53A /* Main.storyboard */ = {
			isa = PBXVariantGroup;
			children = (
				045D1AEA242C0A4400FCF53A /* Base */,
			);
			name = Main.storyboard;
			sourceTree = "<group>";
		};
		045D1AEE242C0A4700FCF53A /* LaunchScreen.storyboard */ = {
			isa = PBXVariantGroup;
			children = (
				045D1AEF242C0A4700FCF53A /* Base */,
			);
			name = LaunchScreen.storyboard;
			sourceTree = "<group>";
		};
/* End PBXVariantGroup section */

/* Begin XCBuildConfiguration section */
		045D1AF2242C0A4700FCF53A /* Debug */ = {
			isa = XCBuildConfiguration;
			buildSettings = {
				ALWAYS_SEARCH_USER_PATHS = NO;
				CLANG_ANALYZER_NONNULL = YES;
				CLANG_ANALYZER_NUMBER_OBJECT_CONVERSION = YES_AGGRESSIVE;
				CLANG_CXX_LANGUAGE_STANDARD = "gnu++14";
				CLANG_CXX_LIBRARY = "libc++";
				CLANG_ENABLE_MODULES = YES;
				CLANG_ENABLE_OBJC_ARC = YES;
				CLANG_ENABLE_OBJC_WEAK = YES;
				CLANG_WARN_BLOCK_CAPTURE_AUTORELEASING = YES;
				CLANG_WARN_BOOL_CONVERSION = YES;
				CLANG_WARN_COMMA = YES;
				CLANG_WARN_CONSTANT_CONVERSION = YES;
				CLANG_WARN_DEPRECATED_OBJC_IMPLEMENTATIONS = YES;
				CLANG_WARN_DIRECT_OBJC_ISA_USAGE = YES_ERROR;
				CLANG_WARN_DOCUMENTATION_COMMENTS = YES;
				CLANG_WARN_EMPTY_BODY = YES;
				CLANG_WARN_ENUM_CONVERSION = YES;
				CLANG_WARN_INFINITE_RECURSION = YES;
				CLANG_WARN_INT_CONVERSION = YES;
				CLANG_WARN_NON_LITERAL_NULL_CONVERSION = YES;
				CLANG_WARN_OBJC_IMPLICIT_RETAIN_SELF = YES;
				CLANG_WARN_OBJC_LITERAL_CONVERSION = YES;
				CLANG_WARN_OBJC_ROOT_CLASS = YES_ERROR;
				CLANG_WARN_RANGE_LOOP_ANALYSIS = YES;
				CLANG_WARN_STRICT_PROTOTYPES = YES;
				CLANG_WARN_SUSPICIOUS_MOVE = YES;
				CLANG_WARN_UNGUARDED_AVAILABILITY = YES_AGGRESSIVE;
				CLANG_WARN_UNREACHABLE_CODE = YES;
				CLANG_WARN__DUPLICATE_METHOD_MATCH = YES;
				COPY_PHASE_STRIP = NO;
				DEBUG_INFORMATION_FORMAT = dwarf;
				ENABLE_STRICT_OBJC_MSGSEND = YES;
				ENABLE_TESTABILITY = YES;
				GCC_C_LANGUAGE_STANDARD = gnu11;
				GCC_DYNAMIC_NO_PIC = NO;
				GCC_NO_COMMON_BLOCKS = YES;
				GCC_OPTIMIZATION_LEVEL = 0;
				GCC_PREPROCESSOR_DEFINITIONS = (
					"DEBUG=1",
					"$(inherited)",
				);
				GCC_WARN_64_TO_32_BIT_CONVERSION = YES;
				GCC_WARN_ABOUT_RETURN_TYPE = YES_ERROR;
				GCC_WARN_UNDECLARED_SELECTOR = YES;
				GCC_WARN_UNINITIALIZED_AUTOS = YES_AGGRESSIVE;
				GCC_WARN_UNUSED_FUNCTION = YES;
				GCC_WARN_UNUSED_VARIABLE = YES;
				IPHONEOS_DEPLOYMENT_TARGET = 13.2;
				MTL_ENABLE_DEBUG_INFO = INCLUDE_SOURCE;
				MTL_FAST_MATH = YES;
				ONLY_ACTIVE_ARCH = YES;
				SDKROOT = iphoneos;
				SWIFT_ACTIVE_COMPILATION_CONDITIONS = DEBUG;
				SWIFT_OPTIMIZATION_LEVEL = "-Onone";
			};
			name = Debug;
		};
		045D1AF3242C0A4700FCF53A /* Release */ = {
			isa = XCBuildConfiguration;
			buildSettings = {
				ALWAYS_SEARCH_USER_PATHS = NO;
				CLANG_ANALYZER_NONNULL = YES;
				CLANG_ANALYZER_NUMBER_OBJECT_CONVERSION = YES_AGGRESSIVE;
				CLANG_CXX_LANGUAGE_STANDARD = "gnu++14";
				CLANG_CXX_LIBRARY = "libc++";
				CLANG_ENABLE_MODULES = YES;
				CLANG_ENABLE_OBJC_ARC = YES;
				CLANG_ENABLE_OBJC_WEAK = YES;
				CLANG_WARN_BLOCK_CAPTURE_AUTORELEASING = YES;
				CLANG_WARN_BOOL_CONVERSION = YES;
				CLANG_WARN_COMMA = YES;
				CLANG_WARN_CONSTANT_CONVERSION = YES;
				CLANG_WARN_DEPRECATED_OBJC_IMPLEMENTATIONS = YES;
				CLANG_WARN_DIRECT_OBJC_ISA_USAGE = YES_ERROR;
				CLANG_WARN_DOCUMENTATION_COMMENTS = YES;
				CLANG_WARN_EMPTY_BODY = YES;
				CLANG_WARN_ENUM_CONVERSION = YES;
				CLANG_WARN_INFINITE_RECURSION = YES;
				CLANG_WARN_INT_CONVERSION = YES;
				CLANG_WARN_NON_LITERAL_NULL_CONVERSION = YES;
				CLANG_WARN_OBJC_IMPLICIT_RETAIN_SELF = YES;
				CLANG_WARN_OBJC_LITERAL_CONVERSION = YES;
				CLANG_WARN_OBJC_ROOT_CLASS = YES_ERROR;
				CLANG_WARN_RANGE_LOOP_ANALYSIS = YES;
				CLANG_WARN_STRICT_PROTOTYPES = YES;
				CLANG_WARN_SUSPICIOUS_MOVE = YES;
				CLANG_WARN_UNGUARDED_AVAILABILITY = YES_AGGRESSIVE;
				CLANG_WARN_UNREACHABLE_CODE = YES;
				CLANG_WARN__DUPLICATE_METHOD_MATCH = YES;
				COPY_PHASE_STRIP = NO;
				DEBUG_INFORMATION_FORMAT = "dwarf-with-dsym";
				ENABLE_NS_ASSERTIONS = NO;
				ENABLE_STRICT_OBJC_MSGSEND = YES;
				GCC_C_LANGUAGE_STANDARD = gnu11;
				GCC_NO_COMMON_BLOCKS = YES;
				GCC_WARN_64_TO_32_BIT_CONVERSION = YES;
				GCC_WARN_ABOUT_RETURN_TYPE = YES_ERROR;
				GCC_WARN_UNDECLARED_SELECTOR = YES;
				GCC_WARN_UNINITIALIZED_AUTOS = YES_AGGRESSIVE;
				GCC_WARN_UNUSED_FUNCTION = YES;
				GCC_WARN_UNUSED_VARIABLE = YES;
				IPHONEOS_DEPLOYMENT_TARGET = 13.2;
				MTL_ENABLE_DEBUG_INFO = NO;
				MTL_FAST_MATH = YES;
				SDKROOT = iphoneos;
				SWIFT_COMPILATION_MODE = wholemodule;
				SWIFT_OPTIMIZATION_LEVEL = "-O";
				VALIDATE_PRODUCT = YES;
			};
			name = Release;
		};
		045D1AF5242C0A4700FCF53A /* Debug */ = {
			isa = XCBuildConfiguration;
			buildSettings = {
				ASSETCATALOG_COMPILER_APPICON_NAME = AppIcon;
				CODE_SIGN_STYLE = Automatic;
				DEVELOPMENT_TEAM = DG5XQ83756;
				INFOPLIST_FILE = "SafeTrace Demo/Info.plist";
				LD_RUNPATH_SEARCH_PATHS = (
					"$(inherited)",
					"@executable_path/Frameworks",
				);
				PRODUCT_BUNDLE_IDENTIFIER = "com.safetraceapi.SafeTrace-Demo";
				PRODUCT_NAME = "$(TARGET_NAME)";
				SWIFT_VERSION = 5.0;
				TARGETED_DEVICE_FAMILY = "1,2";
			};
			name = Debug;
		};
		045D1AF6242C0A4700FCF53A /* Release */ = {
			isa = XCBuildConfiguration;
			buildSettings = {
				ASSETCATALOG_COMPILER_APPICON_NAME = AppIcon;
				CODE_SIGN_STYLE = Automatic;
				DEVELOPMENT_TEAM = DG5XQ83756;
				INFOPLIST_FILE = "SafeTrace Demo/Info.plist";
				LD_RUNPATH_SEARCH_PATHS = (
					"$(inherited)",
					"@executable_path/Frameworks",
				);
				PRODUCT_BUNDLE_IDENTIFIER = "com.safetraceapi.SafeTrace-Demo";
				PRODUCT_NAME = "$(TARGET_NAME)";
				SWIFT_VERSION = 5.0;
				TARGETED_DEVICE_FAMILY = "1,2";
			};
			name = Release;
		};
/* End XCBuildConfiguration section */

/* Begin XCConfigurationList section */
		045D1ADB242C0A4400FCF53A /* Build configuration list for PBXProject "SafeTrace Demo" */ = {
			isa = XCConfigurationList;
			buildConfigurations = (
				045D1AF2242C0A4700FCF53A /* Debug */,
				045D1AF3242C0A4700FCF53A /* Release */,
			);
			defaultConfigurationIsVisible = 0;
			defaultConfigurationName = Release;
		};
		045D1AF4242C0A4700FCF53A /* Build configuration list for PBXNativeTarget "SafeTrace Demo" */ = {
			isa = XCConfigurationList;
			buildConfigurations = (
				045D1AF5242C0A4700FCF53A /* Debug */,
				045D1AF6242C0A4700FCF53A /* Release */,
			);
			defaultConfigurationIsVisible = 0;
			defaultConfigurationName = Release;
		};
/* End XCConfigurationList section */
	};
	rootObject = 045D1AD8242C0A4400FCF53A /* Project object */;
}
